
Microsoft Visual Studio Solution File, Format Version 12.00
# Visual Studio Version 17
VisualStudioVersion = 17.8.34219.65
MinimumVisualStudioVersion = 10.0.40219.1
Project("{FAE04EC0-301F-11D3-BF4B-00C04F79EFBC}") = "Flight", "Flight\Flight.csproj", "{8A0E5908-81DE-4650-8146-01D0F9687159}"
EndProject
Project("{FAE04EC0-301F-11D3-BF4B-00C04F79EFBC}") = "Domain.Tests", "Domain.Tests\Domain.Tests.csproj", "{56CA1CA1-F526-4998-B8BE-AFA79EB4B68A}"
EndProject
Project("{FAE04EC0-301F-11D3-BF4B-00C04F79EFBC}") = "Domain", "Domain\Domain.csproj", "{2B373CB9-ED1A-4FF5-945B-C4688A6D5056}"
EndProject
Project("{2150E333-8FDC-42A3-9474-1A3956D46DE8}") = "솔루션 항목", "솔루션 항목", "{BD253E27-1006-4FDE-82A0-B2393871EBFC}"
	ProjectSection(SolutionItems) = preProject
		README.md = README.md
	EndProjectSection
EndProject
Global
	GlobalSection(SolutionConfigurationPlatforms) = preSolution
		Debug|Any CPU = Debug|Any CPU
		Release|Any CPU = Release|Any CPU
	EndGlobalSection
	GlobalSection(ProjectConfigurationPlatforms) = postSolution
		{8A0E5908-81DE-4650-8146-01D0F9687159}.Debug|Any CPU.ActiveCfg = Debug|Any CPU
		{8A0E5908-81DE-4650-8146-01D0F9687159}.Debug|Any CPU.Build.0 = Debug|Any CPU
		{8A0E5908-81DE-4650-8146-01D0F9687159}.Release|Any CPU.ActiveCfg = Release|Any CPU
		{8A0E5908-81DE-4650-8146-01D0F9687159}.Release|Any CPU.Build.0 = Release|Any CPU
		{56CA1CA1-F526-4998-B8BE-AFA79EB4B68A}.Debug|Any CPU.ActiveCfg = Debug|Any CPU
		{56CA1CA1-F526-4998-B8BE-AFA79EB4B68A}.Debug|Any CPU.Build.0 = Debug|Any CPU
		{56CA1CA1-F526-4998-B8BE-AFA79EB4B68A}.Release|Any CPU.ActiveCfg = Release|Any CPU
		{56CA1CA1-F526-4998-B8BE-AFA79EB4B68A}.Release|Any CPU.Build.0 = Release|Any CPU
		{2B373CB9-ED1A-4FF5-945B-C4688A6D5056}.Debug|Any CPU.ActiveCfg = Debug|Any CPU
		{2B373CB9-ED1A-4FF5-945B-C4688A6D5056}.Debug|Any CPU.Build.0 = Debug|Any CPU
		{2B373CB9-ED1A-4FF5-945B-C4688A6D5056}.Release|Any CPU.ActiveCfg = Release|Any CPU
		{2B373CB9-ED1A-4FF5-945B-C4688A6D5056}.Release|Any CPU.Build.0 = Release|Any CPU
	EndGlobalSection
	GlobalSection(SolutionProperties) = preSolution
		HideSolutionNode = FALSE
	EndGlobalSection
	GlobalSection(ExtensibilityGlobals) = postSolution
		SolutionGuid = {0047EE3B-509C-4412-A663-6266E4F99D86}
	EndGlobalSection
EndGlobal
